
Microsoft Visual Studio Solution File, Format Version 12.00
# Visual Studio 15
VisualStudioVersion = 15.0.27703.2018
MinimumVisualStudioVersion = 10.0.40219.1
Project("{FAE04EC0-301F-11D3-BF4B-00C04F79EFBC}") = "searchfight", "searchfight\searchfight.csproj", "{F08CF0B8-998E-413A-B55E-1D5DF8F8144D}"
EndProject
Global
	GlobalSection(SolutionConfigurationPlatforms) = preSolution
		Debug|Any CPU = Debug|Any CPU
		Release|Any CPU = Release|Any CPU
	EndGlobalSection
	GlobalSection(ProjectConfigurationPlatforms) = postSolution
		{F08CF0B8-998E-413A-B55E-1D5DF8F8144D}.Debug|Any CPU.ActiveCfg = Debug|Any CPU
		{F08CF0B8-998E-413A-B55E-1D5DF8F8144D}.Debug|Any CPU.Build.0 = Debug|Any CPU
		{F08CF0B8-998E-413A-B55E-1D5DF8F8144D}.Release|Any CPU.ActiveCfg = Release|Any CPU
		{F08CF0B8-998E-413A-B55E-1D5DF8F8144D}.Release|Any CPU.Build.0 = Release|Any CPU
	EndGlobalSection
	GlobalSection(SolutionProperties) = preSolution
		HideSolutionNode = FALSE
	EndGlobalSection
	GlobalSection(ExtensibilityGlobals) = postSolution
		SolutionGuid = {17617971-F532-48D8-91C8-DE7AB646C4AD}
	EndGlobalSection
EndGlobal
